
Microsoft Visual Studio Solution File, Format Version 12.00
# Visual Studio 15
VisualStudioVersion = 15.0.26228.4
MinimumVisualStudioVersion = 10.0.40219.1
Project("{FAE04EC0-301F-11D3-BF4B-00C04F79EFBC}") = "WhereAreYouMobile.Android", "WhereAreYouMobile\WhereAreYouMobile.Android\WhereAreYouMobile.Android.csproj", "{79038EA6-49A5-441B-8D37-90E007D5B2B5}"
EndProject
Project("{FAE04EC0-301F-11D3-BF4B-00C04F79EFBC}") = "WhereAreYouMobile", "WhereAreYouMobile\WhereAreYouMobile\WhereAreYouMobile.csproj", "{A009F9F8-7250-422D-853A-2BAFE90B0FDF}"
EndProject
Project("{FAE04EC0-301F-11D3-BF4B-00C04F79EFBC}") = "WhereAreYouMobile.UWP", "WhereAreYouMobile\WhereAreYouMobile.UWP\WhereAreYouMobile.UWP.csproj", "{93F14425-FA56-4643-9249-0F424446E1F7}"
EndProject
Project("{FAE04EC0-301F-11D3-BF4B-00C04F79EFBC}") = "WhereAreYouMobile.iOS", "WhereAreYouMobile\WhereAreYouMobile.iOS\WhereAreYouMobile.iOS.csproj", "{D10AA3BE-C615-490D-BD26-B4D5A36F8887}"
EndProject
Project("{FAE04EC0-301F-11D3-BF4B-00C04F79EFBC}") = "WhereAreYouMobile.Contracts", "WhereAreYouMobile.Contracts\WhereAreYouMobile.Contracts.csproj", "{F2D0210E-E340-465B-9F9F-D5DEABA3EFF9}"
EndProject
Project("{FAE04EC0-301F-11D3-BF4B-00C04F79EFBC}") = "WhereAreYouMobile.Data", "WhereAreYouMobile.Data\WhereAreYouMobile.Data.csproj", "{64357781-466A-4651-8DA2-B7E4C34F27AD}"
EndProject
Project("{FAE04EC0-301F-11D3-BF4B-00C04F79EFBC}") = "WhereAreYouMobile.Core", "WhereAreYouMobile.Core\WhereAreYouMobile.Core.csproj", "{5B63F2BA-EE7A-46DA-8C52-345E7B17BEAB}"
EndProject
Project("{FAE04EC0-301F-11D3-BF4B-00C04F79EFBC}") = "WhereAreYouMobile.Services", "WhereAreYouMobile.Services\WhereAreYouMobile.Services.csproj", "{7FBFF888-0AEA-4E08-88E7-8687449F07E2}"
EndProject
Project("{FAE04EC0-301F-11D3-BF4B-00C04F79EFBC}") = "WhereAreYouMobile.ViewModels", "WhereAreYouMobile.ViewModels\WhereAreYouMobile.ViewModels.csproj", "{2FDBD30B-64AB-475A-B1AC-6DF217F703C8}"
EndProject
Global
	GlobalSection(SolutionConfigurationPlatforms) = preSolution
		Ad-Hoc|Any CPU = Ad-Hoc|Any CPU
		Ad-Hoc|ARM = Ad-Hoc|ARM
		Ad-Hoc|iPhone = Ad-Hoc|iPhone
		Ad-Hoc|iPhoneSimulator = Ad-Hoc|iPhoneSimulator
		Ad-Hoc|x64 = Ad-Hoc|x64
		Ad-Hoc|x86 = Ad-Hoc|x86
		AppStore|Any CPU = AppStore|Any CPU
		AppStore|ARM = AppStore|ARM
		AppStore|iPhone = AppStore|iPhone
		AppStore|iPhoneSimulator = AppStore|iPhoneSimulator
		AppStore|x64 = AppStore|x64
		AppStore|x86 = AppStore|x86
		Debug|Any CPU = Debug|Any CPU
		Debug|ARM = Debug|ARM
		Debug|iPhone = Debug|iPhone
		Debug|iPhoneSimulator = Debug|iPhoneSimulator
		Debug|x64 = Debug|x64
		Debug|x86 = Debug|x86
		Release|Any CPU = Release|Any CPU
		Release|ARM = Release|ARM
		Release|iPhone = Release|iPhone
		Release|iPhoneSimulator = Release|iPhoneSimulator
		Release|x64 = Release|x64
		Release|x86 = Release|x86
	EndGlobalSection
	GlobalSection(ProjectConfigurationPlatforms) = postSolution
		{79038EA6-49A5-441B-8D37-90E007D5B2B5}.Ad-Hoc|Any CPU.ActiveCfg = Release|Any CPU
		{79038EA6-49A5-441B-8D37-90E007D5B2B5}.Ad-Hoc|Any CPU.Build.0 = Release|Any CPU
		{79038EA6-49A5-441B-8D37-90E007D5B2B5}.Ad-Hoc|Any CPU.Deploy.0 = Release|Any CPU
		{79038EA6-49A5-441B-8D37-90E007D5B2B5}.Ad-Hoc|ARM.ActiveCfg = Release|Any CPU
		{79038EA6-49A5-441B-8D37-90E007D5B2B5}.Ad-Hoc|ARM.Build.0 = Release|Any CPU
		{79038EA6-49A5-441B-8D37-90E007D5B2B5}.Ad-Hoc|ARM.Deploy.0 = Release|Any CPU
		{79038EA6-49A5-441B-8D37-90E007D5B2B5}.Ad-Hoc|iPhone.ActiveCfg = Release|Any CPU
		{79038EA6-49A5-441B-8D37-90E007D5B2B5}.Ad-Hoc|iPhone.Build.0 = Release|Any CPU
		{79038EA6-49A5-441B-8D37-90E007D5B2B5}.Ad-Hoc|iPhone.Deploy.0 = Release|Any CPU
		{79038EA6-49A5-441B-8D37-90E007D5B2B5}.Ad-Hoc|iPhoneSimulator.ActiveCfg = Release|Any CPU
		{79038EA6-49A5-441B-8D37-90E007D5B2B5}.Ad-Hoc|iPhoneSimulator.Build.0 = Release|Any CPU
		{79038EA6-49A5-441B-8D37-90E007D5B2B5}.Ad-Hoc|iPhoneSimulator.Deploy.0 = Release|Any CPU
		{79038EA6-49A5-441B-8D37-90E007D5B2B5}.Ad-Hoc|x64.ActiveCfg = Release|Any CPU
		{79038EA6-49A5-441B-8D37-90E007D5B2B5}.Ad-Hoc|x64.Build.0 = Release|Any CPU
		{79038EA6-49A5-441B-8D37-90E007D5B2B5}.Ad-Hoc|x64.Deploy.0 = Release|Any CPU
		{79038EA6-49A5-441B-8D37-90E007D5B2B5}.Ad-Hoc|x86.ActiveCfg = Release|Any CPU
		{79038EA6-49A5-441B-8D37-90E007D5B2B5}.Ad-Hoc|x86.Build.0 = Release|Any CPU
		{79038EA6-49A5-441B-8D37-90E007D5B2B5}.Ad-Hoc|x86.Deploy.0 = Release|Any CPU
		{79038EA6-49A5-441B-8D37-90E007D5B2B5}.AppStore|Any CPU.ActiveCfg = Release|Any CPU
		{79038EA6-49A5-441B-8D37-90E007D5B2B5}.AppStore|Any CPU.Build.0 = Release|Any CPU
		{79038EA6-49A5-441B-8D37-90E007D5B2B5}.AppStore|Any CPU.Deploy.0 = Release|Any CPU
		{79038EA6-49A5-441B-8D37-90E007D5B2B5}.AppStore|ARM.ActiveCfg = Release|Any CPU
		{79038EA6-49A5-441B-8D37-90E007D5B2B5}.AppStore|ARM.Build.0 = Release|Any CPU
		{79038EA6-49A5-441B-8D37-90E007D5B2B5}.AppStore|ARM.Deploy.0 = Release|Any CPU
		{79038EA6-49A5-441B-8D37-90E007D5B2B5}.AppStore|iPhone.ActiveCfg = Release|Any CPU
		{79038EA6-49A5-441B-8D37-90E007D5B2B5}.AppStore|iPhone.Build.0 = Release|Any CPU
		{79038EA6-49A5-441B-8D37-90E007D5B2B5}.AppStore|iPhone.Deploy.0 = Release|Any CPU
		{79038EA6-49A5-441B-8D37-90E007D5B2B5}.AppStore|iPhoneSimulator.ActiveCfg = Release|Any CPU
		{79038EA6-49A5-441B-8D37-90E007D5B2B5}.AppStore|iPhoneSimulator.Build.0 = Release|Any CPU
		{79038EA6-49A5-441B-8D37-90E007D5B2B5}.AppStore|iPhoneSimulator.Deploy.0 = Release|Any CPU
		{79038EA6-49A5-441B-8D37-90E007D5B2B5}.AppStore|x64.ActiveCfg = Release|Any CPU
		{79038EA6-49A5-441B-8D37-90E007D5B2B5}.AppStore|x64.Build.0 = Release|Any CPU
		{79038EA6-49A5-441B-8D37-90E007D5B2B5}.AppStore|x64.Deploy.0 = Release|Any CPU
		{79038EA6-49A5-441B-8D37-90E007D5B2B5}.AppStore|x86.ActiveCfg = Release|Any CPU
		{79038EA6-49A5-441B-8D37-90E007D5B2B5}.AppStore|x86.Build.0 = Release|Any CPU
		{79038EA6-49A5-441B-8D37-90E007D5B2B5}.AppStore|x86.Deploy.0 = Release|Any CPU
		{79038EA6-49A5-441B-8D37-90E007D5B2B5}.Debug|Any CPU.ActiveCfg = Debug|Any CPU
		{79038EA6-49A5-441B-8D37-90E007D5B2B5}.Debug|Any CPU.Build.0 = Debug|Any CPU
		{79038EA6-49A5-441B-8D37-90E007D5B2B5}.Debug|Any CPU.Deploy.0 = Debug|Any CPU
		{79038EA6-49A5-441B-8D37-90E007D5B2B5}.Debug|ARM.ActiveCfg = Debug|Any CPU
		{79038EA6-49A5-441B-8D37-90E007D5B2B5}.Debug|ARM.Build.0 = Debug|Any CPU
		{79038EA6-49A5-441B-8D37-90E007D5B2B5}.Debug|ARM.Deploy.0 = Debug|Any CPU
		{79038EA6-49A5-441B-8D37-90E007D5B2B5}.Debug|iPhone.ActiveCfg = Debug|Any CPU
		{79038EA6-49A5-441B-8D37-90E007D5B2B5}.Debug|iPhone.Build.0 = Debug|Any CPU
		{79038EA6-49A5-441B-8D37-90E007D5B2B5}.Debug|iPhone.Deploy.0 = Debug|Any CPU
		{79038EA6-49A5-441B-8D37-90E007D5B2B5}.Debug|iPhoneSimulator.ActiveCfg = Debug|Any CPU
		{79038EA6-49A5-441B-8D37-90E007D5B2B5}.Debug|iPhoneSimulator.Build.0 = Debug|Any CPU
		{79038EA6-49A5-441B-8D37-90E007D5B2B5}.Debug|iPhoneSimulator.Deploy.0 = Debug|Any CPU
		{79038EA6-49A5-441B-8D37-90E007D5B2B5}.Debug|x64.ActiveCfg = Debug|Any CPU
		{79038EA6-49A5-441B-8D37-90E007D5B2B5}.Debug|x64.Build.0 = Debug|Any CPU
		{79038EA6-49A5-441B-8D37-90E007D5B2B5}.Debug|x64.Deploy.0 = Debug|Any CPU
		{79038EA6-49A5-441B-8D37-90E007D5B2B5}.Debug|x86.ActiveCfg = Debug|Any CPU
		{79038EA6-49A5-441B-8D37-90E007D5B2B5}.Debug|x86.Build.0 = Debug|Any CPU
		{79038EA6-49A5-441B-8D37-90E007D5B2B5}.Debug|x86.Deploy.0 = Debug|Any CPU
		{79038EA6-49A5-441B-8D37-90E007D5B2B5}.Release|Any CPU.ActiveCfg = Release|Any CPU
		{79038EA6-49A5-441B-8D37-90E007D5B2B5}.Release|Any CPU.Build.0 = Release|Any CPU
		{79038EA6-49A5-441B-8D37-90E007D5B2B5}.Release|Any CPU.Deploy.0 = Release|Any CPU
		{79038EA6-49A5-441B-8D37-90E007D5B2B5}.Release|ARM.ActiveCfg = Release|Any CPU
		{79038EA6-49A5-441B-8D37-90E007D5B2B5}.Release|ARM.Build.0 = Release|Any CPU
		{79038EA6-49A5-441B-8D37-90E007D5B2B5}.Release|ARM.Deploy.0 = Release|Any CPU
		{79038EA6-49A5-441B-8D37-90E007D5B2B5}.Release|iPhone.ActiveCfg = Release|Any CPU
		{79038EA6-49A5-441B-8D37-90E007D5B2B5}.Release|iPhone.Build.0 = Release|Any CPU
		{79038EA6-49A5-441B-8D37-90E007D5B2B5}.Release|iPhone.Deploy.0 = Release|Any CPU
		{79038EA6-49A5-441B-8D37-90E007D5B2B5}.Release|iPhoneSimulator.ActiveCfg = Release|Any CPU
		{79038EA6-49A5-441B-8D37-90E007D5B2B5}.Release|iPhoneSimulator.Build.0 = Release|Any CPU
		{79038EA6-49A5-441B-8D37-90E007D5B2B5}.Release|iPhoneSimulator.Deploy.0 = Release|Any CPU
		{79038EA6-49A5-441B-8D37-90E007D5B2B5}.Release|x64.ActiveCfg = Release|Any CPU
		{79038EA6-49A5-441B-8D37-90E007D5B2B5}.Release|x64.Build.0 = Release|Any CPU
		{79038EA6-49A5-441B-8D37-90E007D5B2B5}.Release|x64.Deploy.0 = Release|Any CPU
		{79038EA6-49A5-441B-8D37-90E007D5B2B5}.Release|x86.ActiveCfg = Release|Any CPU
		{79038EA6-49A5-441B-8D37-90E007D5B2B5}.Release|x86.Build.0 = Release|Any CPU
		{79038EA6-49A5-441B-8D37-90E007D5B2B5}.Release|x86.Deploy.0 = Release|Any CPU
		{A009F9F8-7250-422D-853A-2BAFE90B0FDF}.Ad-Hoc|Any CPU.ActiveCfg = Release|Any CPU
		{A009F9F8-7250-422D-853A-2BAFE90B0FDF}.Ad-Hoc|Any CPU.Build.0 = Release|Any CPU
		{A009F9F8-7250-422D-853A-2BAFE90B0FDF}.Ad-Hoc|ARM.ActiveCfg = Release|Any CPU
		{A009F9F8-7250-422D-853A-2BAFE90B0FDF}.Ad-Hoc|ARM.Build.0 = Release|Any CPU
		{A009F9F8-7250-422D-853A-2BAFE90B0FDF}.Ad-Hoc|iPhone.ActiveCfg = Release|Any CPU
		{A009F9F8-7250-422D-853A-2BAFE90B0FDF}.Ad-Hoc|iPhone.Build.0 = Release|Any CPU
		{A009F9F8-7250-422D-853A-2BAFE90B0FDF}.Ad-Hoc|iPhoneSimulator.ActiveCfg = Release|Any CPU
		{A009F9F8-7250-422D-853A-2BAFE90B0FDF}.Ad-Hoc|iPhoneSimulator.Build.0 = Release|Any CPU
		{A009F9F8-7250-422D-853A-2BAFE90B0FDF}.Ad-Hoc|x64.ActiveCfg = Release|Any CPU
		{A009F9F8-7250-422D-853A-2BAFE90B0FDF}.Ad-Hoc|x64.Build.0 = Release|Any CPU
		{A009F9F8-7250-422D-853A-2BAFE90B0FDF}.Ad-Hoc|x86.ActiveCfg = Release|Any CPU
		{A009F9F8-7250-422D-853A-2BAFE90B0FDF}.Ad-Hoc|x86.Build.0 = Release|Any CPU
		{A009F9F8-7250-422D-853A-2BAFE90B0FDF}.AppStore|Any CPU.ActiveCfg = Release|Any CPU
		{A009F9F8-7250-422D-853A-2BAFE90B0FDF}.AppStore|Any CPU.Build.0 = Release|Any CPU
		{A009F9F8-7250-422D-853A-2BAFE90B0FDF}.AppStore|ARM.ActiveCfg = Release|Any CPU
		{A009F9F8-7250-422D-853A-2BAFE90B0FDF}.AppStore|ARM.Build.0 = Release|Any CPU
		{A009F9F8-7250-422D-853A-2BAFE90B0FDF}.AppStore|iPhone.ActiveCfg = Release|Any CPU
		{A009F9F8-7250-422D-853A-2BAFE90B0FDF}.AppStore|iPhone.Build.0 = Release|Any CPU
		{A009F9F8-7250-422D-853A-2BAFE90B0FDF}.AppStore|iPhoneSimulator.ActiveCfg = Release|Any CPU
		{A009F9F8-7250-422D-853A-2BAFE90B0FDF}.AppStore|iPhoneSimulator.Build.0 = Release|Any CPU
		{A009F9F8-7250-422D-853A-2BAFE90B0FDF}.AppStore|x64.ActiveCfg = Release|Any CPU
		{A009F9F8-7250-422D-853A-2BAFE90B0FDF}.AppStore|x64.Build.0 = Release|Any CPU
		{A009F9F8-7250-422D-853A-2BAFE90B0FDF}.AppStore|x86.ActiveCfg = Release|Any CPU
		{A009F9F8-7250-422D-853A-2BAFE90B0FDF}.AppStore|x86.Build.0 = Release|Any CPU
		{A009F9F8-7250-422D-853A-2BAFE90B0FDF}.Debug|Any CPU.ActiveCfg = Debug|Any CPU
		{A009F9F8-7250-422D-853A-2BAFE90B0FDF}.Debug|Any CPU.Build.0 = Debug|Any CPU
		{A009F9F8-7250-422D-853A-2BAFE90B0FDF}.Debug|ARM.ActiveCfg = Debug|Any CPU
		{A009F9F8-7250-422D-853A-2BAFE90B0FDF}.Debug|ARM.Build.0 = Debug|Any CPU
		{A009F9F8-7250-422D-853A-2BAFE90B0FDF}.Debug|iPhone.ActiveCfg = Debug|Any CPU
		{A009F9F8-7250-422D-853A-2BAFE90B0FDF}.Debug|iPhone.Build.0 = Debug|Any CPU
		{A009F9F8-7250-422D-853A-2BAFE90B0FDF}.Debug|iPhoneSimulator.ActiveCfg = Debug|Any CPU
		{A009F9F8-7250-422D-853A-2BAFE90B0FDF}.Debug|iPhoneSimulator.Build.0 = Debug|Any CPU
		{A009F9F8-7250-422D-853A-2BAFE90B0FDF}.Debug|x64.ActiveCfg = Debug|Any CPU
		{A009F9F8-7250-422D-853A-2BAFE90B0FDF}.Debug|x64.Build.0 = Debug|Any CPU
		{A009F9F8-7250-422D-853A-2BAFE90B0FDF}.Debug|x86.ActiveCfg = Debug|Any CPU
		{A009F9F8-7250-422D-853A-2BAFE90B0FDF}.Debug|x86.Build.0 = Debug|Any CPU
		{A009F9F8-7250-422D-853A-2BAFE90B0FDF}.Release|Any CPU.ActiveCfg = Release|Any CPU
		{A009F9F8-7250-422D-853A-2BAFE90B0FDF}.Release|Any CPU.Build.0 = Release|Any CPU
		{A009F9F8-7250-422D-853A-2BAFE90B0FDF}.Release|ARM.ActiveCfg = Release|Any CPU
		{A009F9F8-7250-422D-853A-2BAFE90B0FDF}.Release|ARM.Build.0 = Release|Any CPU
		{A009F9F8-7250-422D-853A-2BAFE90B0FDF}.Release|iPhone.ActiveCfg = Release|Any CPU
		{A009F9F8-7250-422D-853A-2BAFE90B0FDF}.Release|iPhone.Build.0 = Release|Any CPU
		{A009F9F8-7250-422D-853A-2BAFE90B0FDF}.Release|iPhoneSimulator.ActiveCfg = Release|Any CPU
		{A009F9F8-7250-422D-853A-2BAFE90B0FDF}.Release|iPhoneSimulator.Build.0 = Release|Any CPU
		{A009F9F8-7250-422D-853A-2BAFE90B0FDF}.Release|x64.ActiveCfg = Release|Any CPU
		{A009F9F8-7250-422D-853A-2BAFE90B0FDF}.Release|x64.Build.0 = Release|Any CPU
		{A009F9F8-7250-422D-853A-2BAFE90B0FDF}.Release|x86.ActiveCfg = Release|Any CPU
		{A009F9F8-7250-422D-853A-2BAFE90B0FDF}.Release|x86.Build.0 = Release|Any CPU
		{93F14425-FA56-4643-9249-0F424446E1F7}.Ad-Hoc|Any CPU.ActiveCfg = Release|x86
		{93F14425-FA56-4643-9249-0F424446E1F7}.Ad-Hoc|Any CPU.Build.0 = Release|x86
		{93F14425-FA56-4643-9249-0F424446E1F7}.Ad-Hoc|Any CPU.Deploy.0 = Release|x86
		{93F14425-FA56-4643-9249-0F424446E1F7}.Ad-Hoc|ARM.ActiveCfg = Release|ARM
		{93F14425-FA56-4643-9249-0F424446E1F7}.Ad-Hoc|ARM.Build.0 = Release|ARM
		{93F14425-FA56-4643-9249-0F424446E1F7}.Ad-Hoc|ARM.Deploy.0 = Release|ARM
		{93F14425-FA56-4643-9249-0F424446E1F7}.Ad-Hoc|iPhone.ActiveCfg = Release|x86
		{93F14425-FA56-4643-9249-0F424446E1F7}.Ad-Hoc|iPhone.Build.0 = Release|x86
		{93F14425-FA56-4643-9249-0F424446E1F7}.Ad-Hoc|iPhone.Deploy.0 = Release|x86
		{93F14425-FA56-4643-9249-0F424446E1F7}.Ad-Hoc|iPhoneSimulator.ActiveCfg = Release|x86
		{93F14425-FA56-4643-9249-0F424446E1F7}.Ad-Hoc|iPhoneSimulator.Build.0 = Release|x86
		{93F14425-FA56-4643-9249-0F424446E1F7}.Ad-Hoc|iPhoneSimulator.Deploy.0 = Release|x86
		{93F14425-FA56-4643-9249-0F424446E1F7}.Ad-Hoc|x64.ActiveCfg = Release|x64
		{93F14425-FA56-4643-9249-0F424446E1F7}.Ad-Hoc|x64.Build.0 = Release|x64
		{93F14425-FA56-4643-9249-0F424446E1F7}.Ad-Hoc|x64.Deploy.0 = Release|x64
		{93F14425-FA56-4643-9249-0F424446E1F7}.Ad-Hoc|x86.ActiveCfg = Release|x86
		{93F14425-FA56-4643-9249-0F424446E1F7}.Ad-Hoc|x86.Build.0 = Release|x86
		{93F14425-FA56-4643-9249-0F424446E1F7}.Ad-Hoc|x86.Deploy.0 = Release|x86
		{93F14425-FA56-4643-9249-0F424446E1F7}.AppStore|Any CPU.ActiveCfg = Release|x86
		{93F14425-FA56-4643-9249-0F424446E1F7}.AppStore|Any CPU.Build.0 = Release|x86
		{93F14425-FA56-4643-9249-0F424446E1F7}.AppStore|Any CPU.Deploy.0 = Release|x86
		{93F14425-FA56-4643-9249-0F424446E1F7}.AppStore|ARM.ActiveCfg = Release|ARM
		{93F14425-FA56-4643-9249-0F424446E1F7}.AppStore|ARM.Build.0 = Release|ARM
		{93F14425-FA56-4643-9249-0F424446E1F7}.AppStore|ARM.Deploy.0 = Release|ARM
		{93F14425-FA56-4643-9249-0F424446E1F7}.AppStore|iPhone.ActiveCfg = Release|x86
		{93F14425-FA56-4643-9249-0F424446E1F7}.AppStore|iPhone.Build.0 = Release|x86
		{93F14425-FA56-4643-9249-0F424446E1F7}.AppStore|iPhone.Deploy.0 = Release|x86
		{93F14425-FA56-4643-9249-0F424446E1F7}.AppStore|iPhoneSimulator.ActiveCfg = Release|x86
		{93F14425-FA56-4643-9249-0F424446E1F7}.AppStore|iPhoneSimulator.Build.0 = Release|x86
		{93F14425-FA56-4643-9249-0F424446E1F7}.AppStore|iPhoneSimulator.Deploy.0 = Release|x86
		{93F14425-FA56-4643-9249-0F424446E1F7}.AppStore|x64.ActiveCfg = Release|x64
		{93F14425-FA56-4643-9249-0F424446E1F7}.AppStore|x64.Build.0 = Release|x64
		{93F14425-FA56-4643-9249-0F424446E1F7}.AppStore|x64.Deploy.0 = Release|x64
		{93F14425-FA56-4643-9249-0F424446E1F7}.AppStore|x86.ActiveCfg = Release|x86
		{93F14425-FA56-4643-9249-0F424446E1F7}.AppStore|x86.Build.0 = Release|x86
		{93F14425-FA56-4643-9249-0F424446E1F7}.AppStore|x86.Deploy.0 = Release|x86
		{93F14425-FA56-4643-9249-0F424446E1F7}.Debug|Any CPU.ActiveCfg = Debug|x86
		{93F14425-FA56-4643-9249-0F424446E1F7}.Debug|ARM.ActiveCfg = Debug|ARM
		{93F14425-FA56-4643-9249-0F424446E1F7}.Debug|ARM.Build.0 = Debug|ARM
		{93F14425-FA56-4643-9249-0F424446E1F7}.Debug|ARM.Deploy.0 = Debug|ARM
		{93F14425-FA56-4643-9249-0F424446E1F7}.Debug|iPhone.ActiveCfg = Debug|x86
		{93F14425-FA56-4643-9249-0F424446E1F7}.Debug|iPhoneSimulator.ActiveCfg = Debug|x86
		{93F14425-FA56-4643-9249-0F424446E1F7}.Debug|x64.ActiveCfg = Debug|x64
		{93F14425-FA56-4643-9249-0F424446E1F7}.Debug|x64.Build.0 = Debug|x64
		{93F14425-FA56-4643-9249-0F424446E1F7}.Debug|x64.Deploy.0 = Debug|x64
		{93F14425-FA56-4643-9249-0F424446E1F7}.Debug|x86.ActiveCfg = Debug|x86
		{93F14425-FA56-4643-9249-0F424446E1F7}.Debug|x86.Build.0 = Debug|x86
		{93F14425-FA56-4643-9249-0F424446E1F7}.Debug|x86.Deploy.0 = Debug|x86
		{93F14425-FA56-4643-9249-0F424446E1F7}.Release|Any CPU.ActiveCfg = Release|x86
		{93F14425-FA56-4643-9249-0F424446E1F7}.Release|ARM.ActiveCfg = Release|ARM
		{93F14425-FA56-4643-9249-0F424446E1F7}.Release|ARM.Build.0 = Release|ARM
		{93F14425-FA56-4643-9249-0F424446E1F7}.Release|ARM.Deploy.0 = Release|ARM
		{93F14425-FA56-4643-9249-0F424446E1F7}.Release|iPhone.ActiveCfg = Release|x86
		{93F14425-FA56-4643-9249-0F424446E1F7}.Release|iPhoneSimulator.ActiveCfg = Release|x86
		{93F14425-FA56-4643-9249-0F424446E1F7}.Release|x64.ActiveCfg = Release|x64
		{93F14425-FA56-4643-9249-0F424446E1F7}.Release|x64.Build.0 = Release|x64
		{93F14425-FA56-4643-9249-0F424446E1F7}.Release|x64.Deploy.0 = Release|x64
		{93F14425-FA56-4643-9249-0F424446E1F7}.Release|x86.ActiveCfg = Release|x86
		{93F14425-FA56-4643-9249-0F424446E1F7}.Release|x86.Build.0 = Release|x86
		{93F14425-FA56-4643-9249-0F424446E1F7}.Release|x86.Deploy.0 = Release|x86
		{D10AA3BE-C615-490D-BD26-B4D5A36F8887}.Ad-Hoc|Any CPU.ActiveCfg = Ad-Hoc|iPhone
		{D10AA3BE-C615-490D-BD26-B4D5A36F8887}.Ad-Hoc|ARM.ActiveCfg = Ad-Hoc|iPhone
		{D10AA3BE-C615-490D-BD26-B4D5A36F8887}.Ad-Hoc|iPhone.ActiveCfg = Ad-Hoc|iPhone
		{D10AA3BE-C615-490D-BD26-B4D5A36F8887}.Ad-Hoc|iPhone.Build.0 = Ad-Hoc|iPhone
		{D10AA3BE-C615-490D-BD26-B4D5A36F8887}.Ad-Hoc|iPhoneSimulator.ActiveCfg = Ad-Hoc|iPhoneSimulator
		{D10AA3BE-C615-490D-BD26-B4D5A36F8887}.Ad-Hoc|iPhoneSimulator.Build.0 = Ad-Hoc|iPhoneSimulator
		{D10AA3BE-C615-490D-BD26-B4D5A36F8887}.Ad-Hoc|x64.ActiveCfg = Ad-Hoc|iPhone
		{D10AA3BE-C615-490D-BD26-B4D5A36F8887}.Ad-Hoc|x86.ActiveCfg = Ad-Hoc|iPhone
		{D10AA3BE-C615-490D-BD26-B4D5A36F8887}.AppStore|Any CPU.ActiveCfg = AppStore|iPhone
		{D10AA3BE-C615-490D-BD26-B4D5A36F8887}.AppStore|ARM.ActiveCfg = AppStore|iPhone
		{D10AA3BE-C615-490D-BD26-B4D5A36F8887}.AppStore|iPhone.ActiveCfg = AppStore|iPhone
		{D10AA3BE-C615-490D-BD26-B4D5A36F8887}.AppStore|iPhone.Build.0 = AppStore|iPhone
		{D10AA3BE-C615-490D-BD26-B4D5A36F8887}.AppStore|iPhoneSimulator.ActiveCfg = AppStore|iPhoneSimulator
		{D10AA3BE-C615-490D-BD26-B4D5A36F8887}.AppStore|iPhoneSimulator.Build.0 = AppStore|iPhoneSimulator
		{D10AA3BE-C615-490D-BD26-B4D5A36F8887}.AppStore|x64.ActiveCfg = AppStore|iPhone
		{D10AA3BE-C615-490D-BD26-B4D5A36F8887}.AppStore|x86.ActiveCfg = AppStore|iPhone
		{D10AA3BE-C615-490D-BD26-B4D5A36F8887}.Debug|Any CPU.ActiveCfg = Debug|iPhone
		{D10AA3BE-C615-490D-BD26-B4D5A36F8887}.Debug|ARM.ActiveCfg = Debug|iPhone
		{D10AA3BE-C615-490D-BD26-B4D5A36F8887}.Debug|iPhone.ActiveCfg = Debug|iPhone
		{D10AA3BE-C615-490D-BD26-B4D5A36F8887}.Debug|iPhone.Build.0 = Debug|iPhone
		{D10AA3BE-C615-490D-BD26-B4D5A36F8887}.Debug|iPhoneSimulator.ActiveCfg = Debug|iPhoneSimulator
		{D10AA3BE-C615-490D-BD26-B4D5A36F8887}.Debug|iPhoneSimulator.Build.0 = Debug|iPhoneSimulator
		{D10AA3BE-C615-490D-BD26-B4D5A36F8887}.Debug|x64.ActiveCfg = Debug|iPhone
		{D10AA3BE-C615-490D-BD26-B4D5A36F8887}.Debug|x86.ActiveCfg = Debug|iPhone
		{D10AA3BE-C615-490D-BD26-B4D5A36F8887}.Release|Any CPU.ActiveCfg = Release|iPhone
		{D10AA3BE-C615-490D-BD26-B4D5A36F8887}.Release|ARM.ActiveCfg = Release|iPhone
		{D10AA3BE-C615-490D-BD26-B4D5A36F8887}.Release|iPhone.ActiveCfg = Release|iPhone
		{D10AA3BE-C615-490D-BD26-B4D5A36F8887}.Release|iPhone.Build.0 = Release|iPhone
		{D10AA3BE-C615-490D-BD26-B4D5A36F8887}.Release|iPhoneSimulator.ActiveCfg = Release|iPhoneSimulator
		{D10AA3BE-C615-490D-BD26-B4D5A36F8887}.Release|iPhoneSimulator.Build.0 = Release|iPhoneSimulator
		{D10AA3BE-C615-490D-BD26-B4D5A36F8887}.Release|x64.ActiveCfg = Release|iPhone
		{D10AA3BE-C615-490D-BD26-B4D5A36F8887}.Release|x86.ActiveCfg = Release|iPhone
		{F2D0210E-E340-465B-9F9F-D5DEABA3EFF9}.Ad-Hoc|Any CPU.ActiveCfg = Release|Any CPU
		{F2D0210E-E340-465B-9F9F-D5DEABA3EFF9}.Ad-Hoc|Any CPU.Build.0 = Release|Any CPU
		{F2D0210E-E340-465B-9F9F-D5DEABA3EFF9}.Ad-Hoc|ARM.ActiveCfg = Release|Any CPU
		{F2D0210E-E340-465B-9F9F-D5DEABA3EFF9}.Ad-Hoc|ARM.Build.0 = Release|Any CPU
		{F2D0210E-E340-465B-9F9F-D5DEABA3EFF9}.Ad-Hoc|iPhone.ActiveCfg = Release|Any CPU
		{F2D0210E-E340-465B-9F9F-D5DEABA3EFF9}.Ad-Hoc|iPhone.Build.0 = Release|Any CPU
		{F2D0210E-E340-465B-9F9F-D5DEABA3EFF9}.Ad-Hoc|iPhoneSimulator.ActiveCfg = Release|Any CPU
		{F2D0210E-E340-465B-9F9F-D5DEABA3EFF9}.Ad-Hoc|iPhoneSimulator.Build.0 = Release|Any CPU
		{F2D0210E-E340-465B-9F9F-D5DEABA3EFF9}.Ad-Hoc|x64.ActiveCfg = Release|Any CPU
		{F2D0210E-E340-465B-9F9F-D5DEABA3EFF9}.Ad-Hoc|x64.Build.0 = Release|Any CPU
		{F2D0210E-E340-465B-9F9F-D5DEABA3EFF9}.Ad-Hoc|x86.ActiveCfg = Release|Any CPU
		{F2D0210E-E340-465B-9F9F-D5DEABA3EFF9}.Ad-Hoc|x86.Build.0 = Release|Any CPU
		{F2D0210E-E340-465B-9F9F-D5DEABA3EFF9}.AppStore|Any CPU.ActiveCfg = Release|Any CPU
		{F2D0210E-E340-465B-9F9F-D5DEABA3EFF9}.AppStore|Any CPU.Build.0 = Release|Any CPU
		{F2D0210E-E340-465B-9F9F-D5DEABA3EFF9}.AppStore|ARM.ActiveCfg = Release|Any CPU
		{F2D0210E-E340-465B-9F9F-D5DEABA3EFF9}.AppStore|ARM.Build.0 = Release|Any CPU
		{F2D0210E-E340-465B-9F9F-D5DEABA3EFF9}.AppStore|iPhone.ActiveCfg = Release|Any CPU
		{F2D0210E-E340-465B-9F9F-D5DEABA3EFF9}.AppStore|iPhone.Build.0 = Release|Any CPU
		{F2D0210E-E340-465B-9F9F-D5DEABA3EFF9}.AppStore|iPhoneSimulator.ActiveCfg = Release|Any CPU
		{F2D0210E-E340-465B-9F9F-D5DEABA3EFF9}.AppStore|iPhoneSimulator.Build.0 = Release|Any CPU
		{F2D0210E-E340-465B-9F9F-D5DEABA3EFF9}.AppStore|x64.ActiveCfg = Release|Any CPU
		{F2D0210E-E340-465B-9F9F-D5DEABA3EFF9}.AppStore|x64.Build.0 = Release|Any CPU
		{F2D0210E-E340-465B-9F9F-D5DEABA3EFF9}.AppStore|x86.ActiveCfg = Release|Any CPU
		{F2D0210E-E340-465B-9F9F-D5DEABA3EFF9}.AppStore|x86.Build.0 = Release|Any CPU
		{F2D0210E-E340-465B-9F9F-D5DEABA3EFF9}.Debug|Any CPU.ActiveCfg = Debug|Any CPU
		{F2D0210E-E340-465B-9F9F-D5DEABA3EFF9}.Debug|Any CPU.Build.0 = Debug|Any CPU
		{F2D0210E-E340-465B-9F9F-D5DEABA3EFF9}.Debug|ARM.ActiveCfg = Debug|Any CPU
		{F2D0210E-E340-465B-9F9F-D5DEABA3EFF9}.Debug|ARM.Build.0 = Debug|Any CPU
		{F2D0210E-E340-465B-9F9F-D5DEABA3EFF9}.Debug|iPhone.ActiveCfg = Debug|Any CPU
		{F2D0210E-E340-465B-9F9F-D5DEABA3EFF9}.Debug|iPhone.Build.0 = Debug|Any CPU
		{F2D0210E-E340-465B-9F9F-D5DEABA3EFF9}.Debug|iPhoneSimulator.ActiveCfg = Debug|Any CPU
		{F2D0210E-E340-465B-9F9F-D5DEABA3EFF9}.Debug|iPhoneSimulator.Build.0 = Debug|Any CPU
		{F2D0210E-E340-465B-9F9F-D5DEABA3EFF9}.Debug|x64.ActiveCfg = Debug|Any CPU
		{F2D0210E-E340-465B-9F9F-D5DEABA3EFF9}.Debug|x64.Build.0 = Debug|Any CPU
		{F2D0210E-E340-465B-9F9F-D5DEABA3EFF9}.Debug|x86.ActiveCfg = Debug|Any CPU
		{F2D0210E-E340-465B-9F9F-D5DEABA3EFF9}.Debug|x86.Build.0 = Debug|Any CPU
		{F2D0210E-E340-465B-9F9F-D5DEABA3EFF9}.Release|Any CPU.ActiveCfg = Release|Any CPU
		{F2D0210E-E340-465B-9F9F-D5DEABA3EFF9}.Release|Any CPU.Build.0 = Release|Any CPU
		{F2D0210E-E340-465B-9F9F-D5DEABA3EFF9}.Release|ARM.ActiveCfg = Release|Any CPU
		{F2D0210E-E340-465B-9F9F-D5DEABA3EFF9}.Release|ARM.Build.0 = Release|Any CPU
		{F2D0210E-E340-465B-9F9F-D5DEABA3EFF9}.Release|iPhone.ActiveCfg = Release|Any CPU
		{F2D0210E-E340-465B-9F9F-D5DEABA3EFF9}.Release|iPhone.Build.0 = Release|Any CPU
		{F2D0210E-E340-465B-9F9F-D5DEABA3EFF9}.Release|iPhoneSimulator.ActiveCfg = Release|Any CPU
		{F2D0210E-E340-465B-9F9F-D5DEABA3EFF9}.Release|iPhoneSimulator.Build.0 = Release|Any CPU
		{F2D0210E-E340-465B-9F9F-D5DEABA3EFF9}.Release|x64.ActiveCfg = Release|Any CPU
		{F2D0210E-E340-465B-9F9F-D5DEABA3EFF9}.Release|x64.Build.0 = Release|Any CPU
		{F2D0210E-E340-465B-9F9F-D5DEABA3EFF9}.Release|x86.ActiveCfg = Release|Any CPU
		{F2D0210E-E340-465B-9F9F-D5DEABA3EFF9}.Release|x86.Build.0 = Release|Any CPU
		{64357781-466A-4651-8DA2-B7E4C34F27AD}.Ad-Hoc|Any CPU.ActiveCfg = Release|Any CPU
		{64357781-466A-4651-8DA2-B7E4C34F27AD}.Ad-Hoc|Any CPU.Build.0 = Release|Any CPU
		{64357781-466A-4651-8DA2-B7E4C34F27AD}.Ad-Hoc|ARM.ActiveCfg = Release|Any CPU
		{64357781-466A-4651-8DA2-B7E4C34F27AD}.Ad-Hoc|ARM.Build.0 = Release|Any CPU
		{64357781-466A-4651-8DA2-B7E4C34F27AD}.Ad-Hoc|iPhone.ActiveCfg = Release|Any CPU
		{64357781-466A-4651-8DA2-B7E4C34F27AD}.Ad-Hoc|iPhone.Build.0 = Release|Any CPU
		{64357781-466A-4651-8DA2-B7E4C34F27AD}.Ad-Hoc|iPhoneSimulator.ActiveCfg = Release|Any CPU
		{64357781-466A-4651-8DA2-B7E4C34F27AD}.Ad-Hoc|iPhoneSimulator.Build.0 = Release|Any CPU
		{64357781-466A-4651-8DA2-B7E4C34F27AD}.Ad-Hoc|x64.ActiveCfg = Release|Any CPU
		{64357781-466A-4651-8DA2-B7E4C34F27AD}.Ad-Hoc|x64.Build.0 = Release|Any CPU
		{64357781-466A-4651-8DA2-B7E4C34F27AD}.Ad-Hoc|x86.ActiveCfg = Release|Any CPU
		{64357781-466A-4651-8DA2-B7E4C34F27AD}.Ad-Hoc|x86.Build.0 = Release|Any CPU
		{64357781-466A-4651-8DA2-B7E4C34F27AD}.AppStore|Any CPU.ActiveCfg = Release|Any CPU
		{64357781-466A-4651-8DA2-B7E4C34F27AD}.AppStore|Any CPU.Build.0 = Release|Any CPU
		{64357781-466A-4651-8DA2-B7E4C34F27AD}.AppStore|ARM.ActiveCfg = Release|Any CPU
		{64357781-466A-4651-8DA2-B7E4C34F27AD}.AppStore|ARM.Build.0 = Release|Any CPU
		{64357781-466A-4651-8DA2-B7E4C34F27AD}.AppStore|iPhone.ActiveCfg = Release|Any CPU
		{64357781-466A-4651-8DA2-B7E4C34F27AD}.AppStore|iPhone.Build.0 = Release|Any CPU
		{64357781-466A-4651-8DA2-B7E4C34F27AD}.AppStore|iPhoneSimulator.ActiveCfg = Release|Any CPU
		{64357781-466A-4651-8DA2-B7E4C34F27AD}.AppStore|iPhoneSimulator.Build.0 = Release|Any CPU
		{64357781-466A-4651-8DA2-B7E4C34F27AD}.AppStore|x64.ActiveCfg = Release|Any CPU
		{64357781-466A-4651-8DA2-B7E4C34F27AD}.AppStore|x64.Build.0 = Release|Any CPU
		{64357781-466A-4651-8DA2-B7E4C34F27AD}.AppStore|x86.ActiveCfg = Release|Any CPU
		{64357781-466A-4651-8DA2-B7E4C34F27AD}.AppStore|x86.Build.0 = Release|Any CPU
		{64357781-466A-4651-8DA2-B7E4C34F27AD}.Debug|Any CPU.ActiveCfg = Debug|Any CPU
		{64357781-466A-4651-8DA2-B7E4C34F27AD}.Debug|Any CPU.Build.0 = Debug|Any CPU
		{64357781-466A-4651-8DA2-B7E4C34F27AD}.Debug|ARM.ActiveCfg = Debug|Any CPU
		{64357781-466A-4651-8DA2-B7E4C34F27AD}.Debug|ARM.Build.0 = Debug|Any CPU
		{64357781-466A-4651-8DA2-B7E4C34F27AD}.Debug|iPhone.ActiveCfg = Debug|Any CPU
		{64357781-466A-4651-8DA2-B7E4C34F27AD}.Debug|iPhone.Build.0 = Debug|Any CPU
		{64357781-466A-4651-8DA2-B7E4C34F27AD}.Debug|iPhoneSimulator.ActiveCfg = Debug|Any CPU
		{64357781-466A-4651-8DA2-B7E4C34F27AD}.Debug|iPhoneSimulator.Build.0 = Debug|Any CPU
		{64357781-466A-4651-8DA2-B7E4C34F27AD}.Debug|x64.ActiveCfg = Debug|Any CPU
		{64357781-466A-4651-8DA2-B7E4C34F27AD}.Debug|x64.Build.0 = Debug|Any CPU
		{64357781-466A-4651-8DA2-B7E4C34F27AD}.Debug|x86.ActiveCfg = Debug|Any CPU
		{64357781-466A-4651-8DA2-B7E4C34F27AD}.Debug|x86.Build.0 = Debug|Any CPU
		{64357781-466A-4651-8DA2-B7E4C34F27AD}.Release|Any CPU.ActiveCfg = Release|Any CPU
		{64357781-466A-4651-8DA2-B7E4C34F27AD}.Release|Any CPU.Build.0 = Release|Any CPU
		{64357781-466A-4651-8DA2-B7E4C34F27AD}.Release|ARM.ActiveCfg = Release|Any CPU
		{64357781-466A-4651-8DA2-B7E4C34F27AD}.Release|ARM.Build.0 = Release|Any CPU
		{64357781-466A-4651-8DA2-B7E4C34F27AD}.Release|iPhone.ActiveCfg = Release|Any CPU
		{64357781-466A-4651-8DA2-B7E4C34F27AD}.Release|iPhone.Build.0 = Release|Any CPU
		{64357781-466A-4651-8DA2-B7E4C34F27AD}.Release|iPhoneSimulator.ActiveCfg = Release|Any CPU
		{64357781-466A-4651-8DA2-B7E4C34F27AD}.Release|iPhoneSimulator.Build.0 = Release|Any CPU
		{64357781-466A-4651-8DA2-B7E4C34F27AD}.Release|x64.ActiveCfg = Release|Any CPU
		{64357781-466A-4651-8DA2-B7E4C34F27AD}.Release|x64.Build.0 = Release|Any CPU
		{64357781-466A-4651-8DA2-B7E4C34F27AD}.Release|x86.ActiveCfg = Release|Any CPU
		{64357781-466A-4651-8DA2-B7E4C34F27AD}.Release|x86.Build.0 = Release|Any CPU
		{5B63F2BA-EE7A-46DA-8C52-345E7B17BEAB}.Ad-Hoc|Any CPU.ActiveCfg = Release|Any CPU
		{5B63F2BA-EE7A-46DA-8C52-345E7B17BEAB}.Ad-Hoc|Any CPU.Build.0 = Release|Any CPU
		{5B63F2BA-EE7A-46DA-8C52-345E7B17BEAB}.Ad-Hoc|ARM.ActiveCfg = Release|Any CPU
		{5B63F2BA-EE7A-46DA-8C52-345E7B17BEAB}.Ad-Hoc|ARM.Build.0 = Release|Any CPU
		{5B63F2BA-EE7A-46DA-8C52-345E7B17BEAB}.Ad-Hoc|iPhone.ActiveCfg = Release|Any CPU
		{5B63F2BA-EE7A-46DA-8C52-345E7B17BEAB}.Ad-Hoc|iPhone.Build.0 = Release|Any CPU
		{5B63F2BA-EE7A-46DA-8C52-345E7B17BEAB}.Ad-Hoc|iPhoneSimulator.ActiveCfg = Release|Any CPU
		{5B63F2BA-EE7A-46DA-8C52-345E7B17BEAB}.Ad-Hoc|iPhoneSimulator.Build.0 = Release|Any CPU
		{5B63F2BA-EE7A-46DA-8C52-345E7B17BEAB}.Ad-Hoc|x64.ActiveCfg = Release|Any CPU
		{5B63F2BA-EE7A-46DA-8C52-345E7B17BEAB}.Ad-Hoc|x64.Build.0 = Release|Any CPU
		{5B63F2BA-EE7A-46DA-8C52-345E7B17BEAB}.Ad-Hoc|x86.ActiveCfg = Release|Any CPU
		{5B63F2BA-EE7A-46DA-8C52-345E7B17BEAB}.Ad-Hoc|x86.Build.0 = Release|Any CPU
		{5B63F2BA-EE7A-46DA-8C52-345E7B17BEAB}.AppStore|Any CPU.ActiveCfg = Release|Any CPU
		{5B63F2BA-EE7A-46DA-8C52-345E7B17BEAB}.AppStore|Any CPU.Build.0 = Release|Any CPU
		{5B63F2BA-EE7A-46DA-8C52-345E7B17BEAB}.AppStore|ARM.ActiveCfg = Release|Any CPU
		{5B63F2BA-EE7A-46DA-8C52-345E7B17BEAB}.AppStore|ARM.Build.0 = Release|Any CPU
		{5B63F2BA-EE7A-46DA-8C52-345E7B17BEAB}.AppStore|iPhone.ActiveCfg = Release|Any CPU
		{5B63F2BA-EE7A-46DA-8C52-345E7B17BEAB}.AppStore|iPhone.Build.0 = Release|Any CPU
		{5B63F2BA-EE7A-46DA-8C52-345E7B17BEAB}.AppStore|iPhoneSimulator.ActiveCfg = Release|Any CPU
		{5B63F2BA-EE7A-46DA-8C52-345E7B17BEAB}.AppStore|iPhoneSimulator.Build.0 = Release|Any CPU
		{5B63F2BA-EE7A-46DA-8C52-345E7B17BEAB}.AppStore|x64.ActiveCfg = Release|Any CPU
		{5B63F2BA-EE7A-46DA-8C52-345E7B17BEAB}.AppStore|x64.Build.0 = Release|Any CPU
		{5B63F2BA-EE7A-46DA-8C52-345E7B17BEAB}.AppStore|x86.ActiveCfg = Release|Any CPU
		{5B63F2BA-EE7A-46DA-8C52-345E7B17BEAB}.AppStore|x86.Build.0 = Release|Any CPU
		{5B63F2BA-EE7A-46DA-8C52-345E7B17BEAB}.Debug|Any CPU.ActiveCfg = Debug|Any CPU
		{5B63F2BA-EE7A-46DA-8C52-345E7B17BEAB}.Debug|Any CPU.Build.0 = Debug|Any CPU
		{5B63F2BA-EE7A-46DA-8C52-345E7B17BEAB}.Debug|ARM.ActiveCfg = Debug|Any CPU
		{5B63F2BA-EE7A-46DA-8C52-345E7B17BEAB}.Debug|ARM.Build.0 = Debug|Any CPU
		{5B63F2BA-EE7A-46DA-8C52-345E7B17BEAB}.Debug|iPhone.ActiveCfg = Debug|Any CPU
		{5B63F2BA-EE7A-46DA-8C52-345E7B17BEAB}.Debug|iPhone.Build.0 = Debug|Any CPU
		{5B63F2BA-EE7A-46DA-8C52-345E7B17BEAB}.Debug|iPhoneSimulator.ActiveCfg = Debug|Any CPU
		{5B63F2BA-EE7A-46DA-8C52-345E7B17BEAB}.Debug|iPhoneSimulator.Build.0 = Debug|Any CPU
		{5B63F2BA-EE7A-46DA-8C52-345E7B17BEAB}.Debug|x64.ActiveCfg = Debug|Any CPU
		{5B63F2BA-EE7A-46DA-8C52-345E7B17BEAB}.Debug|x64.Build.0 = Debug|Any CPU
		{5B63F2BA-EE7A-46DA-8C52-345E7B17BEAB}.Debug|x86.ActiveCfg = Debug|Any CPU
		{5B63F2BA-EE7A-46DA-8C52-345E7B17BEAB}.Debug|x86.Build.0 = Debug|Any CPU
		{5B63F2BA-EE7A-46DA-8C52-345E7B17BEAB}.Release|Any CPU.ActiveCfg = Release|Any CPU
		{5B63F2BA-EE7A-46DA-8C52-345E7B17BEAB}.Release|Any CPU.Build.0 = Release|Any CPU
		{5B63F2BA-EE7A-46DA-8C52-345E7B17BEAB}.Release|ARM.ActiveCfg = Release|Any CPU
		{5B63F2BA-EE7A-46DA-8C52-345E7B17BEAB}.Release|ARM.Build.0 = Release|Any CPU
		{5B63F2BA-EE7A-46DA-8C52-345E7B17BEAB}.Release|iPhone.ActiveCfg = Release|Any CPU
		{5B63F2BA-EE7A-46DA-8C52-345E7B17BEAB}.Release|iPhone.Build.0 = Release|Any CPU
		{5B63F2BA-EE7A-46DA-8C52-345E7B17BEAB}.Release|iPhoneSimulator.ActiveCfg = Release|Any CPU
		{5B63F2BA-EE7A-46DA-8C52-345E7B17BEAB}.Release|iPhoneSimulator.Build.0 = Release|Any CPU
		{5B63F2BA-EE7A-46DA-8C52-345E7B17BEAB}.Release|x64.ActiveCfg = Release|Any CPU
		{5B63F2BA-EE7A-46DA-8C52-345E7B17BEAB}.Release|x64.Build.0 = Release|Any CPU
		{5B63F2BA-EE7A-46DA-8C52-345E7B17BEAB}.Release|x86.ActiveCfg = Release|Any CPU
		{5B63F2BA-EE7A-46DA-8C52-345E7B17BEAB}.Release|x86.Build.0 = Release|Any CPU
		{7FBFF888-0AEA-4E08-88E7-8687449F07E2}.Ad-Hoc|Any CPU.ActiveCfg = Release|Any CPU
		{7FBFF888-0AEA-4E08-88E7-8687449F07E2}.Ad-Hoc|Any CPU.Build.0 = Release|Any CPU
		{7FBFF888-0AEA-4E08-88E7-8687449F07E2}.Ad-Hoc|ARM.ActiveCfg = Release|Any CPU
		{7FBFF888-0AEA-4E08-88E7-8687449F07E2}.Ad-Hoc|ARM.Build.0 = Release|Any CPU
		{7FBFF888-0AEA-4E08-88E7-8687449F07E2}.Ad-Hoc|iPhone.ActiveCfg = Release|Any CPU
		{7FBFF888-0AEA-4E08-88E7-8687449F07E2}.Ad-Hoc|iPhone.Build.0 = Release|Any CPU
		{7FBFF888-0AEA-4E08-88E7-8687449F07E2}.Ad-Hoc|iPhoneSimulator.ActiveCfg = Release|Any CPU
		{7FBFF888-0AEA-4E08-88E7-8687449F07E2}.Ad-Hoc|iPhoneSimulator.Build.0 = Release|Any CPU
		{7FBFF888-0AEA-4E08-88E7-8687449F07E2}.Ad-Hoc|x64.ActiveCfg = Release|Any CPU
		{7FBFF888-0AEA-4E08-88E7-8687449F07E2}.Ad-Hoc|x64.Build.0 = Release|Any CPU
		{7FBFF888-0AEA-4E08-88E7-8687449F07E2}.Ad-Hoc|x86.ActiveCfg = Release|Any CPU
		{7FBFF888-0AEA-4E08-88E7-8687449F07E2}.Ad-Hoc|x86.Build.0 = Release|Any CPU
		{7FBFF888-0AEA-4E08-88E7-8687449F07E2}.AppStore|Any CPU.ActiveCfg = Release|Any CPU
		{7FBFF888-0AEA-4E08-88E7-8687449F07E2}.AppStore|Any CPU.Build.0 = Release|Any CPU
		{7FBFF888-0AEA-4E08-88E7-8687449F07E2}.AppStore|ARM.ActiveCfg = Release|Any CPU
		{7FBFF888-0AEA-4E08-88E7-8687449F07E2}.AppStore|ARM.Build.0 = Release|Any CPU
		{7FBFF888-0AEA-4E08-88E7-8687449F07E2}.AppStore|iPhone.ActiveCfg = Release|Any CPU
		{7FBFF888-0AEA-4E08-88E7-8687449F07E2}.AppStore|iPhone.Build.0 = Release|Any CPU
		{7FBFF888-0AEA-4E08-88E7-8687449F07E2}.AppStore|iPhoneSimulator.ActiveCfg = Release|Any CPU
		{7FBFF888-0AEA-4E08-88E7-8687449F07E2}.AppStore|iPhoneSimulator.Build.0 = Release|Any CPU
		{7FBFF888-0AEA-4E08-88E7-8687449F07E2}.AppStore|x64.ActiveCfg = Release|Any CPU
		{7FBFF888-0AEA-4E08-88E7-8687449F07E2}.AppStore|x64.Build.0 = Release|Any CPU
		{7FBFF888-0AEA-4E08-88E7-8687449F07E2}.AppStore|x86.ActiveCfg = Release|Any CPU
		{7FBFF888-0AEA-4E08-88E7-8687449F07E2}.AppStore|x86.Build.0 = Release|Any CPU
		{7FBFF888-0AEA-4E08-88E7-8687449F07E2}.Debug|Any CPU.ActiveCfg = Debug|Any CPU
		{7FBFF888-0AEA-4E08-88E7-8687449F07E2}.Debug|Any CPU.Build.0 = Debug|Any CPU
		{7FBFF888-0AEA-4E08-88E7-8687449F07E2}.Debug|ARM.ActiveCfg = Debug|Any CPU
		{7FBFF888-0AEA-4E08-88E7-8687449F07E2}.Debug|ARM.Build.0 = Debug|Any CPU
		{7FBFF888-0AEA-4E08-88E7-8687449F07E2}.Debug|iPhone.ActiveCfg = Debug|Any CPU
		{7FBFF888-0AEA-4E08-88E7-8687449F07E2}.Debug|iPhone.Build.0 = Debug|Any CPU
		{7FBFF888-0AEA-4E08-88E7-8687449F07E2}.Debug|iPhoneSimulator.ActiveCfg = Debug|Any CPU
		{7FBFF888-0AEA-4E08-88E7-8687449F07E2}.Debug|iPhoneSimulator.Build.0 = Debug|Any CPU
		{7FBFF888-0AEA-4E08-88E7-8687449F07E2}.Debug|x64.ActiveCfg = Debug|Any CPU
		{7FBFF888-0AEA-4E08-88E7-8687449F07E2}.Debug|x64.Build.0 = Debug|Any CPU
		{7FBFF888-0AEA-4E08-88E7-8687449F07E2}.Debug|x86.ActiveCfg = Debug|Any CPU
		{7FBFF888-0AEA-4E08-88E7-8687449F07E2}.Debug|x86.Build.0 = Debug|Any CPU
		{7FBFF888-0AEA-4E08-88E7-8687449F07E2}.Release|Any CPU.ActiveCfg = Release|Any CPU
		{7FBFF888-0AEA-4E08-88E7-8687449F07E2}.Release|Any CPU.Build.0 = Release|Any CPU
		{7FBFF888-0AEA-4E08-88E7-8687449F07E2}.Release|ARM.ActiveCfg = Release|Any CPU
		{7FBFF888-0AEA-4E08-88E7-8687449F07E2}.Release|ARM.Build.0 = Release|Any CPU
		{7FBFF888-0AEA-4E08-88E7-8687449F07E2}.Release|iPhone.ActiveCfg = Release|Any CPU
		{7FBFF888-0AEA-4E08-88E7-8687449F07E2}.Release|iPhone.Build.0 = Release|Any CPU
		{7FBFF888-0AEA-4E08-88E7-8687449F07E2}.Release|iPhoneSimulator.ActiveCfg = Release|Any CPU
		{7FBFF888-0AEA-4E08-88E7-8687449F07E2}.Release|iPhoneSimulator.Build.0 = Release|Any CPU
		{7FBFF888-0AEA-4E08-88E7-8687449F07E2}.Release|x64.ActiveCfg = Release|Any CPU
		{7FBFF888-0AEA-4E08-88E7-8687449F07E2}.Release|x64.Build.0 = Release|Any CPU
		{7FBFF888-0AEA-4E08-88E7-8687449F07E2}.Release|x86.ActiveCfg = Release|Any CPU
		{7FBFF888-0AEA-4E08-88E7-8687449F07E2}.Release|x86.Build.0 = Release|Any CPU
		{2FDBD30B-64AB-475A-B1AC-6DF217F703C8}.Ad-Hoc|Any CPU.ActiveCfg = Release|Any CPU
		{2FDBD30B-64AB-475A-B1AC-6DF217F703C8}.Ad-Hoc|Any CPU.Build.0 = Release|Any CPU
		{2FDBD30B-64AB-475A-B1AC-6DF217F703C8}.Ad-Hoc|ARM.ActiveCfg = Release|Any CPU
		{2FDBD30B-64AB-475A-B1AC-6DF217F703C8}.Ad-Hoc|ARM.Build.0 = Release|Any CPU
		{2FDBD30B-64AB-475A-B1AC-6DF217F703C8}.Ad-Hoc|iPhone.ActiveCfg = Release|Any CPU
		{2FDBD30B-64AB-475A-B1AC-6DF217F703C8}.Ad-Hoc|iPhone.Build.0 = Release|Any CPU
		{2FDBD30B-64AB-475A-B1AC-6DF217F703C8}.Ad-Hoc|iPhoneSimulator.ActiveCfg = Release|Any CPU
		{2FDBD30B-64AB-475A-B1AC-6DF217F703C8}.Ad-Hoc|iPhoneSimulator.Build.0 = Release|Any CPU
		{2FDBD30B-64AB-475A-B1AC-6DF217F703C8}.Ad-Hoc|x64.ActiveCfg = Release|Any CPU
		{2FDBD30B-64AB-475A-B1AC-6DF217F703C8}.Ad-Hoc|x64.Build.0 = Release|Any CPU
		{2FDBD30B-64AB-475A-B1AC-6DF217F703C8}.Ad-Hoc|x86.ActiveCfg = Release|Any CPU
		{2FDBD30B-64AB-475A-B1AC-6DF217F703C8}.Ad-Hoc|x86.Build.0 = Release|Any CPU
		{2FDBD30B-64AB-475A-B1AC-6DF217F703C8}.AppStore|Any CPU.ActiveCfg = Release|Any CPU
		{2FDBD30B-64AB-475A-B1AC-6DF217F703C8}.AppStore|Any CPU.Build.0 = Release|Any CPU
		{2FDBD30B-64AB-475A-B1AC-6DF217F703C8}.AppStore|ARM.ActiveCfg = Release|Any CPU
		{2FDBD30B-64AB-475A-B1AC-6DF217F703C8}.AppStore|ARM.Build.0 = Release|Any CPU
		{2FDBD30B-64AB-475A-B1AC-6DF217F703C8}.AppStore|iPhone.ActiveCfg = Release|Any CPU
		{2FDBD30B-64AB-475A-B1AC-6DF217F703C8}.AppStore|iPhone.Build.0 = Release|Any CPU
		{2FDBD30B-64AB-475A-B1AC-6DF217F703C8}.AppStore|iPhoneSimulator.ActiveCfg = Release|Any CPU
		{2FDBD30B-64AB-475A-B1AC-6DF217F703C8}.AppStore|iPhoneSimulator.Build.0 = Release|Any CPU
		{2FDBD30B-64AB-475A-B1AC-6DF217F703C8}.AppStore|x64.ActiveCfg = Release|Any CPU
		{2FDBD30B-64AB-475A-B1AC-6DF217F703C8}.AppStore|x64.Build.0 = Release|Any CPU
		{2FDBD30B-64AB-475A-B1AC-6DF217F703C8}.AppStore|x86.ActiveCfg = Release|Any CPU
		{2FDBD30B-64AB-475A-B1AC-6DF217F703C8}.AppStore|x86.Build.0 = Release|Any CPU
		{2FDBD30B-64AB-475A-B1AC-6DF217F703C8}.Debug|Any CPU.ActiveCfg = Debug|Any CPU
		{2FDBD30B-64AB-475A-B1AC-6DF217F703C8}.Debug|Any CPU.Build.0 = Debug|Any CPU
		{2FDBD30B-64AB-475A-B1AC-6DF217F703C8}.Debug|ARM.ActiveCfg = Debug|Any CPU
		{2FDBD30B-64AB-475A-B1AC-6DF217F703C8}.Debug|ARM.Build.0 = Debug|Any CPU
		{2FDBD30B-64AB-475A-B1AC-6DF217F703C8}.Debug|iPhone.ActiveCfg = Debug|Any CPU
		{2FDBD30B-64AB-475A-B1AC-6DF217F703C8}.Debug|iPhone.Build.0 = Debug|Any CPU
		{2FDBD30B-64AB-475A-B1AC-6DF217F703C8}.Debug|iPhoneSimulator.ActiveCfg = Debug|Any CPU
		{2FDBD30B-64AB-475A-B1AC-6DF217F703C8}.Debug|iPhoneSimulator.Build.0 = Debug|Any CPU
		{2FDBD30B-64AB-475A-B1AC-6DF217F703C8}.Debug|x64.ActiveCfg = Debug|Any CPU
		{2FDBD30B-64AB-475A-B1AC-6DF217F703C8}.Debug|x64.Build.0 = Debug|Any CPU
		{2FDBD30B-64AB-475A-B1AC-6DF217F703C8}.Debug|x86.ActiveCfg = Debug|Any CPU
		{2FDBD30B-64AB-475A-B1AC-6DF217F703C8}.Debug|x86.Build.0 = Debug|Any CPU
		{2FDBD30B-64AB-475A-B1AC-6DF217F703C8}.Release|Any CPU.ActiveCfg = Release|Any CPU
		{2FDBD30B-64AB-475A-B1AC-6DF217F703C8}.Release|Any CPU.Build.0 = Release|Any CPU
		{2FDBD30B-64AB-475A-B1AC-6DF217F703C8}.Release|ARM.ActiveCfg = Release|Any CPU
		{2FDBD30B-64AB-475A-B1AC-6DF217F703C8}.Release|ARM.Build.0 = Release|Any CPU
		{2FDBD30B-64AB-475A-B1AC-6DF217F703C8}.Release|iPhone.ActiveCfg = Release|Any CPU
		{2FDBD30B-64AB-475A-B1AC-6DF217F703C8}.Release|iPhone.Build.0 = Release|Any CPU
		{2FDBD30B-64AB-475A-B1AC-6DF217F703C8}.Release|iPhoneSimulator.ActiveCfg = Release|Any CPU
		{2FDBD30B-64AB-475A-B1AC-6DF217F703C8}.Release|iPhoneSimulator.Build.0 = Release|Any CPU
		{2FDBD30B-64AB-475A-B1AC-6DF217F703C8}.Release|x64.ActiveCfg = Release|Any CPU
		{2FDBD30B-64AB-475A-B1AC-6DF217F703C8}.Release|x64.Build.0 = Release|Any CPU
		{2FDBD30B-64AB-475A-B1AC-6DF217F703C8}.Release|x86.ActiveCfg = Release|Any CPU
		{2FDBD30B-64AB-475A-B1AC-6DF217F703C8}.Release|x86.Build.0 = Release|Any CPU
	EndGlobalSection
	GlobalSection(SolutionProperties) = preSolution
		HideSolutionNode = FALSE
	EndGlobalSection
EndGlobal
